// !$*UTF8*$!
{
	archiveVersion = 1;
	classes = {
	};
	objectVersion = 50;
	objects = {

/* Begin PBXBuildFile section */
		4ECB6938220FFE9B00373627 /* AppDelegate.swift in Sources */ = {isa = PBXBuildFile; fileRef = 4ECB6937220FFE9B00373627 /* AppDelegate.swift */; };
		4ECB693D220FFE9B00373627 /* Main.storyboard in Resources */ = {isa = PBXBuildFile; fileRef = 4ECB693B220FFE9B00373627 /* Main.storyboard */; };
		4ECB693F220FFE9F00373627 /* Assets.xcassets in Resources */ = {isa = PBXBuildFile; fileRef = 4ECB693E220FFE9F00373627 /* Assets.xcassets */; };
		4ECB6942220FFE9F00373627 /* LaunchScreen.storyboard in Resources */ = {isa = PBXBuildFile; fileRef = 4ECB6940220FFE9F00373627 /* LaunchScreen.storyboard */; };
		4ECB694F220FFEE200373627 /* LTMANPresenter.swift in Sources */ = {isa = PBXBuildFile; fileRef = 4ECB6949220FFEE200373627 /* LTMANPresenter.swift */; };
		4ECB6952220FFEE200373627 /* LTMANModels.swift in Sources */ = {isa = PBXBuildFile; fileRef = 4ECB694C220FFEE200373627 /* LTMANModels.swift */; };
		4ECB6953220FFEE200373627 /* LTMANViewController.swift in Sources */ = {isa = PBXBuildFile; fileRef = 4ECB694D220FFEE200373627 /* LTMANViewController.swift */; };
		4ECB6954220FFEE200373627 /* LTMANInteractor.swift in Sources */ = {isa = PBXBuildFile; fileRef = 4ECB694E220FFEE200373627 /* LTMANInteractor.swift */; };
/* End PBXBuildFile section */

/* Begin PBXFileReference section */
		4ECB6934220FFE9B00373627 /* LTMANAssignment.app */ = {isa = PBXFileReference; explicitFileType = wrapper.application; includeInIndex = 0; path = LTMANAssignment.app; sourceTree = BUILT_PRODUCTS_DIR; };
		4ECB6937220FFE9B00373627 /* AppDelegate.swift */ = {isa = PBXFileReference; lastKnownFileType = sourcecode.swift; path = AppDelegate.swift; sourceTree = "<group>"; };
		4ECB693C220FFE9B00373627 /* Base */ = {isa = PBXFileReference; lastKnownFileType = file.storyboard; name = Base; path = Base.lproj/Main.storyboard; sourceTree = "<group>"; };
		4ECB693E220FFE9F00373627 /* Assets.xcassets */ = {isa = PBXFileReference; lastKnownFileType = folder.assetcatalog; path = Assets.xcassets; sourceTree = "<group>"; };
		4ECB6941220FFE9F00373627 /* Base */ = {isa = PBXFileReference; lastKnownFileType = file.storyboard; name = Base; path = Base.lproj/LaunchScreen.storyboard; sourceTree = "<group>"; };
		4ECB6943220FFE9F00373627 /* Info.plist */ = {isa = PBXFileReference; lastKnownFileType = text.plist.xml; path = Info.plist; sourceTree = "<group>"; };
		4ECB6949220FFEE200373627 /* LTMANPresenter.swift */ = {isa = PBXFileReference; lastKnownFileType = sourcecode.swift; path = LTMANPresenter.swift; sourceTree = "<group>"; };
		4ECB694C220FFEE200373627 /* LTMANModels.swift */ = {isa = PBXFileReference; lastKnownFileType = sourcecode.swift; path = LTMANModels.swift; sourceTree = "<group>"; };
		4ECB694D220FFEE200373627 /* LTMANViewController.swift */ = {isa = PBXFileReference; lastKnownFileType = sourcecode.swift; path = LTMANViewController.swift; sourceTree = "<group>"; };
		4ECB694E220FFEE200373627 /* LTMANInteractor.swift */ = {isa = PBXFileReference; lastKnownFileType = sourcecode.swift; path = LTMANInteractor.swift; sourceTree = "<group>"; };
/* End PBXFileReference section */

/* Begin PBXFrameworksBuildPhase section */
		4ECB6931220FFE9B00373627 /* Frameworks */ = {
			isa = PBXFrameworksBuildPhase;
			buildActionMask = 2147483647;
			files = (
			);
			runOnlyForDeploymentPostprocessing = 0;
		};
/* End PBXFrameworksBuildPhase section */

/* Begin PBXGroup section */
		4ECB692B220FFE9B00373627 = {
			isa = PBXGroup;
			children = (
				4ECB6936220FFE9B00373627 /* LTMANAssignment */,
				4ECB6935220FFE9B00373627 /* Products */,
			);
			sourceTree = "<group>";
		};
		4ECB6935220FFE9B00373627 /* Products */ = {
			isa = PBXGroup;
			children = (
				4ECB6934220FFE9B00373627 /* LTMANAssignment.app */,
			);
			name = Products;
			sourceTree = "<group>";
		};
		4ECB6936220FFE9B00373627 /* LTMANAssignment */ = {
			isa = PBXGroup;
			children = (
				4ECB6937220FFE9B00373627 /* AppDelegate.swift */,
				4ECB693B220FFE9B00373627 /* Main.storyboard */,
				4ECB693E220FFE9F00373627 /* Assets.xcassets */,
				4ECB6940220FFE9F00373627 /* LaunchScreen.storyboard */,
				4ECB6943220FFE9F00373627 /* Info.plist */,
				4ECB6949220FFEE200373627 /* LTMANPresenter.swift */,
				4ECB694C220FFEE200373627 /* LTMANModels.swift */,
				4ECB694D220FFEE200373627 /* LTMANViewController.swift */,
				4ECB694E220FFEE200373627 /* LTMANInteractor.swift */,
			);
			path = LTMANAssignment;
			sourceTree = "<group>";
		};
/* End PBXGroup section */

/* Begin PBXNativeTarget section */
		4ECB6933220FFE9B00373627 /* LTMANAssignment */ = {
			isa = PBXNativeTarget;
			buildConfigurationList = 4ECB6946220FFE9F00373627 /* Build configuration list for PBXNativeTarget "LTMANAssignment" */;
			buildPhases = (
				4ECB6930220FFE9B00373627 /* Sources */,
				4ECB6931220FFE9B00373627 /* Frameworks */,
				4ECB6932220FFE9B00373627 /* Resources */,
			);
			buildRules = (
			);
			dependencies = (
			);
			name = LTMANAssignment;
			productName = LTMANAssignment;
			productReference = 4ECB6934220FFE9B00373627 /* LTMANAssignment.app */;
			productType = "com.apple.product-type.application";
		};
/* End PBXNativeTarget section */

/* Begin PBXProject section */
		4ECB692C220FFE9B00373627 /* Project object */ = {
			isa = PBXProject;
			attributes = {
				LastSwiftUpdateCheck = 1010;
				LastUpgradeCheck = 1010;
				ORGANIZATIONNAME = MuMhu;
				TargetAttributes = {
					4ECB6933220FFE9B00373627 = {
						CreatedOnToolsVersion = 10.1;
					};
				};
			};
			buildConfigurationList = 4ECB692F220FFE9B00373627 /* Build configuration list for PBXProject "LTMANAssignment" */;
			compatibilityVersion = "Xcode 9.3";
			developmentRegion = en;
			hasScannedForEncodings = 0;
			knownRegions = (
				en,
				Base,
			);
			mainGroup = 4ECB692B220FFE9B00373627;
			productRefGroup = 4ECB6935220FFE9B00373627 /* Products */;
			projectDirPath = "";
			projectRoot = "";
			targets = (
				4ECB6933220FFE9B00373627 /* LTMANAssignment */,
			);
		};
/* End PBXProject section */

/* Begin PBXResourcesBuildPhase section */
		4ECB6932220FFE9B00373627 /* Resources */ = {
			isa = PBXResourcesBuildPhase;
			buildActionMask = 2147483647;
			files = (
				4ECB6942220FFE9F00373627 /* LaunchScreen.storyboard in Resources */,
				4ECB693F220FFE9F00373627 /* Assets.xcassets in Resources */,
				4ECB693D220FFE9B00373627 /* Main.storyboard in Resources */,
			);
			runOnlyForDeploymentPostprocessing = 0;
		};
/* End PBXResourcesBuildPhase section */

/* Begin PBXSourcesBuildPhase section */
		4ECB6930220FFE9B00373627 /* Sources */ = {
			isa = PBXSourcesBuildPhase;
			buildActionMask = 2147483647;
			files = (
				4ECB694F220FFEE200373627 /* LTMANPresenter.swift in Sources */,
				4ECB6953220FFEE200373627 /* LTMANViewController.swift in Sources */,
				4ECB6952220FFEE200373627 /* LTMANModels.swift in Sources */,
				4ECB6938220FFE9B00373627 /* AppDelegate.swift in Sources */,
				4ECB6954220FFEE200373627 /* LTMANInteractor.swift in Sources */,
			);
			runOnlyForDeploymentPostprocessing = 0;
		};
/* End PBXSourcesBuildPhase section */

/* Begin PBXVariantGroup section */
		4ECB693B220FFE9B00373627 /* Main.storyboard */ = {
			isa = PBXVariantGroup;
			children = (
				4ECB693C220FFE9B00373627 /* Base */,
			);
			name = Main.storyboard;
			sourceTree = "<group>";
		};
		4ECB6940220FFE9F00373627 /* LaunchScreen.storyboard */ = {
			isa = PBXVariantGroup;
			children = (
				4ECB6941220FFE9F00373627 /* Base */,
			);
			name = LaunchScreen.storyboard;
			sourceTree = "<group>";
		};
/* End PBXVariantGroup section */

/* Begin XCBuildConfiguration section */
		4ECB6944220FFE9F00373627 /* Debug */ = {
			isa = XCBuildConfiguration;
			buildSettings = {
				ALWAYS_SEARCH_USER_PATHS = NO;
				CLANG_ANALYZER_NONNULL = YES;
				CLANG_ANALYZER_NUMBER_OBJECT_CONVERSION = YES_AGGRESSIVE;
				CLANG_CXX_LANGUAGE_STANDARD = "gnu++14";
				CLANG_CXX_LIBRARY = "libc++";
				CLANG_ENABLE_MODULES = YES;
				CLANG_ENABLE_OBJC_ARC = YES;
				CLANG_ENABLE_OBJC_WEAK = YES;
				CLANG_WARN_BLOCK_CAPTURE_AUTORELEASING = YES;
				CLANG_WARN_BOOL_CONVERSION = YES;
				CLANG_WARN_COMMA = YES;
				CLANG_WARN_CONSTANT_CONVERSION = YES;
				CLANG_WARN_DEPRECATED_OBJC_IMPLEMENTATIONS = YES;
				CLANG_WARN_DIRECT_OBJC_ISA_USAGE = YES_ERROR;
				CLANG_WARN_DOCUMENTATION_COMMENTS = YES;
				CLANG_WARN_EMPTY_BODY = YES;
				CLANG_WARN_ENUM_CONVERSION = YES;
				CLANG_WARN_INFINITE_RECURSION = YES;
				CLANG_WARN_INT_CONVERSION = YES;
				CLANG_WARN_NON_LITERAL_NULL_CONVERSION = YES;
				CLANG_WARN_OBJC_IMPLICIT_RETAIN_SELF = YES;
				CLANG_WARN_OBJC_LITERAL_CONVERSION = YES;
				CLANG_WARN_OBJC_ROOT_CLASS = YES_ERROR;
				CLANG_WARN_RANGE_LOOP_ANALYSIS = YES;
				CLANG_WARN_STRICT_PROTOTYPES = YES;
				CLANG_WARN_SUSPICIOUS_MOVE = YES;
				CLANG_WARN_UNGUARDED_AVAILABILITY = YES_AGGRESSIVE;
				CLANG_WARN_UNREACHABLE_CODE = YES;
				CLANG_WARN__DUPLICATE_METHOD_MATCH = YES;
				CODE_SIGN_IDENTITY = "iPhone Developer";
				COPY_PHASE_STRIP = NO;
				DEBUG_INFORMATION_FORMAT = dwarf;
				ENABLE_STRICT_OBJC_MSGSEND = YES;
				ENABLE_TESTABILITY = YES;
				GCC_C_LANGUAGE_STANDARD = gnu11;
				GCC_DYNAMIC_NO_PIC = NO;
				GCC_NO_COMMON_BLOCKS = YES;
				GCC_OPTIMIZATION_LEVEL = 0;
				GCC_PREPROCESSOR_DEFINITIONS = (
					"DEBUG=1",
					"$(inherited)",
				);
				GCC_WARN_64_TO_32_BIT_CONVERSION = YES;
				GCC_WARN_ABOUT_RETURN_TYPE = YES_ERROR;
				GCC_WARN_UNDECLARED_SELECTOR = YES;
				GCC_WARN_UNINITIALIZED_AUTOS = YES_AGGRESSIVE;
				GCC_WARN_UNUSED_FUNCTION = YES;
				GCC_WARN_UNUSED_VARIABLE = YES;
				IPHONEOS_DEPLOYMENT_TARGET = 12.1;
				MTL_ENABLE_DEBUG_INFO = INCLUDE_SOURCE;
				MTL_FAST_MATH = YES;
				ONLY_ACTIVE_ARCH = YES;
				SDKROOT = iphoneos;
				SWIFT_ACTIVE_COMPILATION_CONDITIONS = DEBUG;
				SWIFT_OPTIMIZATION_LEVEL = "-Onone";
			};
			name = Debug;
		};
		4ECB6945220FFE9F00373627 /* Release */ = {
			isa = XCBuildConfiguration;
			buildSettings = {
				ALWAYS_SEARCH_USER_PATHS = NO;
				CLANG_ANALYZER_NONNULL = YES;
				CLANG_ANALYZER_NUMBER_OBJECT_CONVERSION = YES_AGGRESSIVE;
				CLANG_CXX_LANGUAGE_STANDARD = "gnu++14";
				CLANG_CXX_LIBRARY = "libc++";
				CLANG_ENABLE_MODULES = YES;
				CLANG_ENABLE_OBJC_ARC = YES;
				CLANG_ENABLE_OBJC_WEAK = YES;
				CLANG_WARN_BLOCK_CAPTURE_AUTORELEASING = YES;
				CLANG_WARN_BOOL_CONVERSION = YES;
				CLANG_WARN_COMMA = YES;
				CLANG_WARN_CONSTANT_CONVERSION = YES;
				CLANG_WARN_DEPRECATED_OBJC_IMPLEMENTATIONS = YES;
				CLANG_WARN_DIRECT_OBJC_ISA_USAGE = YES_ERROR;
				CLANG_WARN_DOCUMENTATION_COMMENTS = YES;
				CLANG_WARN_EMPTY_BODY = YES;
				CLANG_WARN_ENUM_CONVERSION = YES;
				CLANG_WARN_INFINITE_RECURSION = YES;
				CLANG_WARN_INT_CONVERSION = YES;
				CLANG_WARN_NON_LITERAL_NULL_CONVERSION = YES;
				CLANG_WARN_OBJC_IMPLICIT_RETAIN_SELF = YES;
				CLANG_WARN_OBJC_LITERAL_CONVERSION = YES;
				CLANG_WARN_OBJC_ROOT_CLASS = YES_ERROR;
				CLANG_WARN_RANGE_LOOP_ANALYSIS = YES;
				CLANG_WARN_STRICT_PROTOTYPES = YES;
				CLANG_WARN_SUSPICIOUS_MOVE = YES;
				CLANG_WARN_UNGUARDED_AVAILABILITY = YES_AGGRESSIVE;
				CLANG_WARN_UNREACHABLE_CODE = YES;
				CLANG_WARN__DUPLICATE_METHOD_MATCH = YES;
				CODE_SIGN_IDENTITY = "iPhone Developer";
				COPY_PHASE_STRIP = NO;
				DEBUG_INFORMATION_FORMAT = "dwarf-with-dsym";
				ENABLE_NS_ASSERTIONS = NO;
				ENABLE_STRICT_OBJC_MSGSEND = YES;
				GCC_C_LANGUAGE_STANDARD = gnu11;
				GCC_NO_COMMON_BLOCKS = YES;
				GCC_WARN_64_TO_32_BIT_CONVERSION = YES;
				GCC_WARN_ABOUT_RETURN_TYPE = YES_ERROR;
				GCC_WARN_UNDECLARED_SELECTOR = YES;
				GCC_WARN_UNINITIALIZED_AUTOS = YES_AGGRESSIVE;
				GCC_WARN_UNUSED_FUNCTION = YES;
				GCC_WARN_UNUSED_VARIABLE = YES;
				IPHONEOS_DEPLOYMENT_TARGET = 12.1;
				MTL_ENABLE_DEBUG_INFO = NO;
				MTL_FAST_MATH = YES;
				SDKROOT = iphoneos;
				SWIFT_COMPILATION_MODE = wholemodule;
				SWIFT_OPTIMIZATION_LEVEL = "-O";
				VALIDATE_PRODUCT = YES;
			};
			name = Release;
		};
		4ECB6947220FFE9F00373627 /* Debug */ = {
			isa = XCBuildConfiguration;
			buildSettings = {
				ASSETCATALOG_COMPILER_APPICON_NAME = AppIcon;
				CODE_SIGN_STYLE = Automatic;
				DEVELOPMENT_TEAM = G9M3M89XSF;
				INFOPLIST_FILE = LTMANAssignment/Info.plist;
				LD_RUNPATH_SEARCH_PATHS = (
					"$(inherited)",
					"@executable_path/Frameworks",
				);
				PRODUCT_BUNDLE_IDENTIFIER = none.LTMANAssignment;
				PRODUCT_NAME = "$(TARGET_NAME)";
				SWIFT_VERSION = 4.2;
				TARGETED_DEVICE_FAMILY = "1,2";
			};
			name = Debug;
		};
		4ECB6948220FFE9F00373627 /* Release */ = {
			isa = XCBuildConfiguration;
			buildSettings = {
				ASSETCATALOG_COMPILER_APPICON_NAME = AppIcon;
				CODE_SIGN_STYLE = Automatic;
				DEVELOPMENT_TEAM = G9M3M89XSF;
				INFOPLIST_FILE = LTMANAssignment/Info.plist;
				LD_RUNPATH_SEARCH_PATHS = (
					"$(inherited)",
					"@executable_path/Frameworks",
				);
				PRODUCT_BUNDLE_IDENTIFIER = none.LTMANAssignment;
				PRODUCT_NAME = "$(TARGET_NAME)";
				SWIFT_VERSION = 4.2;
				TARGETED_DEVICE_FAMILY = "1,2";
			};
			name = Release;
		};
/* End XCBuildConfiguration section */

/* Begin XCConfigurationList section */
		4ECB692F220FFE9B00373627 /* Build configuration list for PBXProject "LTMANAssignment" */ = {
			isa = XCConfigurationList;
			buildConfigurations = (
				4ECB6944220FFE9F00373627 /* Debug */,
				4ECB6945220FFE9F00373627 /* Release */,
			);
			defaultConfigurationIsVisible = 0;
			defaultConfigurationName = Release;
		};
		4ECB6946220FFE9F00373627 /* Build configuration list for PBXNativeTarget "LTMANAssignment" */ = {
			isa = XCConfigurationList;
			buildConfigurations = (
				4ECB6947220FFE9F00373627 /* Debug */,
				4ECB6948220FFE9F00373627 /* Release */,
			);
			defaultConfigurationIsVisible = 0;
			defaultConfigurationName = Release;
		};
/* End XCConfigurationList section */
	};
	rootObject = 4ECB692C220FFE9B00373627 /* Project object */;
}
